{
  "version": "4",
  "specifiers": {
    "npm:effect@3.13.8": "3.13.8"
  },
  "npm": {
    "@standard-schema/spec@1.0.0": {
      "integrity": "sha512-m2bOd0f2RT9k8QJx1JN85cZYyH1RqFBdlwtkSlf4tBDYLCiiZnv1fIIwacK6cqwXavOydf0NPToMQgpKq+dVlA=="
    },
    "effect@3.13.8": {
      "integrity": "sha512-v4659n0zzu9UEbbs7wrsQyrWl4yaqSPQDVVMCUVtiOp54zqzIw3HK4FUr7peOkmx63aXRHofiXpmY8GXDeez+g==",
      "dependencies": [
        "@standard-schema/spec",
        "fast-check"
      ]
    },
    "fast-check@3.23.2": {
      "integrity": "sha512-h5+1OzzfCC3Ef7VbtKdcv7zsstUQwUDlYpUTvjeUsJAssPgLn7QzbboPtL5ro04Mq0rPOsMzl7q5hIbRs2wD1A==",
      "dependencies": [
        "pure-rand"
      ]
    },
    "pure-rand@6.1.0": {
      "integrity": "sha512-bVWawvoZoBYpp6yIoQtQXHZjmz35RSVHnUOTefl8Vcjr8snTPY1wnpSPMWekcFwbxI6gtmT7rSYPFvz71ldiOA=="
    }
  },
  "workspace": {
    "dependencies": [
      "jsr:@std/assert@1",
      "npm:effect@3.13.8"
    ]
  }
}
